
Microsoft Visual Studio Solution File, Format Version 12.00
# Visual Studio Version 17
VisualStudioVersion = 17.14.36623.8 d17.14
MinimumVisualStudioVersion = 10.0.40219.1
Project("{FAE04EC0-301F-11D3-BF4B-00C04F79EFBC}") = "NeuroForge", "NeuroForge.csproj", "{DA075F44-170E-6FF0-2D51-31E169C4B8AF}"
EndProject
Global
	GlobalSection(SolutionConfigurationPlatforms) = preSolution
		Debug|Any CPU = Debug|Any CPU
		ExportDebug|Any CPU = ExportDebug|Any CPU
		ExportRelease|Any CPU = ExportRelease|Any CPU
	EndGlobalSection
	GlobalSection(ProjectConfigurationPlatforms) = postSolution
		{DA075F44-170E-6FF0-2D51-31E169C4B8AF}.Debug|Any CPU.ActiveCfg = Debug|Any CPU
		{DA075F44-170E-6FF0-2D51-31E169C4B8AF}.Debug|Any CPU.Build.0 = Debug|Any CPU
		{DA075F44-170E-6FF0-2D51-31E169C4B8AF}.ExportDebug|Any CPU.ActiveCfg = ExportDebug|Any CPU
		{DA075F44-170E-6FF0-2D51-31E169C4B8AF}.ExportDebug|Any CPU.Build.0 = ExportDebug|Any CPU
		{DA075F44-170E-6FF0-2D51-31E169C4B8AF}.ExportRelease|Any CPU.ActiveCfg = ExportRelease|Any CPU
		{DA075F44-170E-6FF0-2D51-31E169C4B8AF}.ExportRelease|Any CPU.Build.0 = ExportRelease|Any CPU
	EndGlobalSection
	GlobalSection(SolutionProperties) = preSolution
		HideSolutionNode = FALSE
	EndGlobalSection
	GlobalSection(ExtensibilityGlobals) = postSolution
		SolutionGuid = {CB9115E7-E20B-48D0-82F3-88EA5A89247A}
	EndGlobalSection
EndGlobal
